
Microsoft Visual Studio Solution File, Format Version 12.00
# Visual Studio Version 16
VisualStudioVersion = 16.0.31410.357
MinimumVisualStudioVersion = 10.0.40219.1
Project("{FAE04EC0-301F-11D3-BF4B-00C04F79EFBC}") = "SplitWise", "SplitWise\SplitWise.csproj", "{5157E51F-4AAB-4C6C-A7F2-C1ACDBDF32A4}"
EndProject
Global
	GlobalSection(SolutionConfigurationPlatforms) = preSolution
		Debug|Any CPU = Debug|Any CPU
		Release|Any CPU = Release|Any CPU
	EndGlobalSection
	GlobalSection(ProjectConfigurationPlatforms) = postSolution
		{5157E51F-4AAB-4C6C-A7F2-C1ACDBDF32A4}.Debug|Any CPU.ActiveCfg = Debug|Any CPU
		{5157E51F-4AAB-4C6C-A7F2-C1ACDBDF32A4}.Debug|Any CPU.Build.0 = Debug|Any CPU
		{5157E51F-4AAB-4C6C-A7F2-C1ACDBDF32A4}.Release|Any CPU.ActiveCfg = Release|Any CPU
		{5157E51F-4AAB-4C6C-A7F2-C1ACDBDF32A4}.Release|Any CPU.Build.0 = Release|Any CPU
	EndGlobalSection
	GlobalSection(SolutionProperties) = preSolution
		HideSolutionNode = FALSE
	EndGlobalSection
	GlobalSection(ExtensibilityGlobals) = postSolution
		SolutionGuid = {7A0964C2-4EC7-4495-B64B-4B88DED43A40}
	EndGlobalSection
EndGlobal
